// !$*UTF8*$!
{
	archiveVersion = 1;
	classes = {
	};
	objectVersion = 50;
	objects = {

/* Begin PBXBuildFile section */
		C7D866C222FADE4300486A08 /* AppDelegate.swift in Sources */ = {isa = PBXBuildFile; fileRef = C7D866C122FADE4300486A08 /* AppDelegate.swift */; };
		C7D866C422FADE4300486A08 /* ViewController.swift in Sources */ = {isa = PBXBuildFile; fileRef = C7D866C322FADE4300486A08 /* ViewController.swift */; };
		C7D866C922FADE4400486A08 /* Assets.xcassets in Resources */ = {isa = PBXBuildFile; fileRef = C7D866C822FADE4400486A08 /* Assets.xcassets */; };
		C7D866CC22FADE4400486A08 /* LaunchScreen.storyboard in Resources */ = {isa = PBXBuildFile; fileRef = C7D866CA22FADE4400486A08 /* LaunchScreen.storyboard */; };
		C7D866D622FADEF100486A08 /* FeedbackResponse.swift in Sources */ = {isa = PBXBuildFile; fileRef = C7D866D322FADEF100486A08 /* FeedbackResponse.swift */; };
		C7D866D722FADEF100486A08 /* logo.png in Resources */ = {isa = PBXBuildFile; fileRef = C7D866D422FADEF100486A08 /* logo.png */; };
		C7D866D822FADEF100486A08 /* ListViewController.swift in Sources */ = {isa = PBXBuildFile; fileRef = C7D866D522FADEF100486A08 /* ListViewController.swift */; };
/* End PBXBuildFile section */

/* Begin PBXFileReference section */
		C7D866BE22FADE4300486A08 /* ProgrammaticApp-LayoutAnchors.app */ = {isa = PBXFileReference; explicitFileType = wrapper.application; includeInIndex = 0; path = "ProgrammaticApp-LayoutAnchors.app"; sourceTree = BUILT_PRODUCTS_DIR; };
		C7D866C122FADE4300486A08 /* AppDelegate.swift */ = {isa = PBXFileReference; lastKnownFileType = sourcecode.swift; path = AppDelegate.swift; sourceTree = "<group>"; };
		C7D866C322FADE4300486A08 /* ViewController.swift */ = {isa = PBXFileReference; lastKnownFileType = sourcecode.swift; path = ViewController.swift; sourceTree = "<group>"; };
		C7D866C822FADE4400486A08 /* Assets.xcassets */ = {isa = PBXFileReference; lastKnownFileType = folder.assetcatalog; path = Assets.xcassets; sourceTree = "<group>"; };
		C7D866CB22FADE4400486A08 /* Base */ = {isa = PBXFileReference; lastKnownFileType = file.storyboard; name = Base; path = Base.lproj/LaunchScreen.storyboard; sourceTree = "<group>"; };
		C7D866CD22FADE4400486A08 /* Info.plist */ = {isa = PBXFileReference; lastKnownFileType = text.plist.xml; path = Info.plist; sourceTree = "<group>"; };
		C7D866D322FADEF100486A08 /* FeedbackResponse.swift */ = {isa = PBXFileReference; fileEncoding = 4; lastKnownFileType = sourcecode.swift; path = FeedbackResponse.swift; sourceTree = "<group>"; };
		C7D866D422FADEF100486A08 /* logo.png */ = {isa = PBXFileReference; lastKnownFileType = image.png; path = logo.png; sourceTree = "<group>"; };
		C7D866D522FADEF100486A08 /* ListViewController.swift */ = {isa = PBXFileReference; fileEncoding = 4; lastKnownFileType = sourcecode.swift; path = ListViewController.swift; sourceTree = "<group>"; };
/* End PBXFileReference section */

/* Begin PBXFrameworksBuildPhase section */
		C7D866BB22FADE4300486A08 /* Frameworks */ = {
			isa = PBXFrameworksBuildPhase;
			buildActionMask = 2147483647;
			files = (
			);
			runOnlyForDeploymentPostprocessing = 0;
		};
/* End PBXFrameworksBuildPhase section */

/* Begin PBXGroup section */
		C7D866B522FADE4300486A08 = {
			isa = PBXGroup;
			children = (
				C7D866C022FADE4300486A08 /* ProgrammaticApp-LayoutAnchors */,
				C7D866BF22FADE4300486A08 /* Products */,
			);
			sourceTree = "<group>";
		};
		C7D866BF22FADE4300486A08 /* Products */ = {
			isa = PBXGroup;
			children = (
				C7D866BE22FADE4300486A08 /* ProgrammaticApp-LayoutAnchors.app */,
			);
			name = Products;
			sourceTree = "<group>";
		};
		C7D866C022FADE4300486A08 /* ProgrammaticApp-LayoutAnchors */ = {
			isa = PBXGroup;
			children = (
				C7D866C122FADE4300486A08 /* AppDelegate.swift */,
				C7D866D922FADEF600486A08 /* Controllers */,
				C7D866DA22FADF0200486A08 /* Model */,
				C7D866C822FADE4400486A08 /* Assets.xcassets */,
				C7D866CA22FADE4400486A08 /* LaunchScreen.storyboard */,
				C7D866CD22FADE4400486A08 /* Info.plist */,
			);
			path = "ProgrammaticApp-LayoutAnchors";
			sourceTree = "<group>";
		};
		C7D866D922FADEF600486A08 /* Controllers */ = {
			isa = PBXGroup;
			children = (
				C7D866C322FADE4300486A08 /* ViewController.swift */,
				C7D866D522FADEF100486A08 /* ListViewController.swift */,
			);
			path = Controllers;
			sourceTree = "<group>";
		};
		C7D866DA22FADF0200486A08 /* Model */ = {
			isa = PBXGroup;
			children = (
				C7D866D322FADEF100486A08 /* FeedbackResponse.swift */,
				C7D866D422FADEF100486A08 /* logo.png */,
			);
			path = Model;
			sourceTree = "<group>";
		};
/* End PBXGroup section */

/* Begin PBXNativeTarget section */
		C7D866BD22FADE4300486A08 /* ProgrammaticApp-LayoutAnchors */ = {
			isa = PBXNativeTarget;
			buildConfigurationList = C7D866D022FADE4400486A08 /* Build configuration list for PBXNativeTarget "ProgrammaticApp-LayoutAnchors" */;
			buildPhases = (
				C7D866BA22FADE4300486A08 /* Sources */,
				C7D866BB22FADE4300486A08 /* Frameworks */,
				C7D866BC22FADE4300486A08 /* Resources */,
			);
			buildRules = (
			);
			dependencies = (
			);
			name = "ProgrammaticApp-LayoutAnchors";
			productName = "ProgrammaticApp-LayoutAnchors";
			productReference = C7D866BE22FADE4300486A08 /* ProgrammaticApp-LayoutAnchors.app */;
			productType = "com.apple.product-type.application";
		};
/* End PBXNativeTarget section */

/* Begin PBXProject section */
		C7D866B622FADE4300486A08 /* Project object */ = {
			isa = PBXProject;
			attributes = {
				LastSwiftUpdateCheck = 1030;
				LastUpgradeCheck = 1030;
				ORGANIZATIONNAME = Amaranthine;
				TargetAttributes = {
					C7D866BD22FADE4300486A08 = {
						CreatedOnToolsVersion = 10.3;
					};
				};
			};
			buildConfigurationList = C7D866B922FADE4300486A08 /* Build configuration list for PBXProject "ProgrammaticApp-LayoutAnchors" */;
			compatibilityVersion = "Xcode 9.3";
			developmentRegion = en;
			hasScannedForEncodings = 0;
			knownRegions = (
				en,
				Base,
			);
			mainGroup = C7D866B522FADE4300486A08;
			productRefGroup = C7D866BF22FADE4300486A08 /* Products */;
			projectDirPath = "";
			projectRoot = "";
			targets = (
				C7D866BD22FADE4300486A08 /* ProgrammaticApp-LayoutAnchors */,
			);
		};
/* End PBXProject section */

/* Begin PBXResourcesBuildPhase section */
		C7D866BC22FADE4300486A08 /* Resources */ = {
			isa = PBXResourcesBuildPhase;
			buildActionMask = 2147483647;
			files = (
				C7D866D722FADEF100486A08 /* logo.png in Resources */,
				C7D866CC22FADE4400486A08 /* LaunchScreen.storyboard in Resources */,
				C7D866C922FADE4400486A08 /* Assets.xcassets in Resources */,
			);
			runOnlyForDeploymentPostprocessing = 0;
		};
/* End PBXResourcesBuildPhase section */

/* Begin PBXSourcesBuildPhase section */
		C7D866BA22FADE4300486A08 /* Sources */ = {
			isa = PBXSourcesBuildPhase;
			buildActionMask = 2147483647;
			files = (
				C7D866D622FADEF100486A08 /* FeedbackResponse.swift in Sources */,
				C7D866C422FADE4300486A08 /* ViewController.swift in Sources */,
				C7D866D822FADEF100486A08 /* ListViewController.swift in Sources */,
				C7D866C222FADE4300486A08 /* AppDelegate.swift in Sources */,
			);
			runOnlyForDeploymentPostprocessing = 0;
		};
/* End PBXSourcesBuildPhase section */

/* Begin PBXVariantGroup section */
		C7D866CA22FADE4400486A08 /* LaunchScreen.storyboard */ = {
			isa = PBXVariantGroup;
			children = (
				C7D866CB22FADE4400486A08 /* Base */,
			);
			name = LaunchScreen.storyboard;
			sourceTree = "<group>";
		};
/* End PBXVariantGroup section */

/* Begin XCBuildConfiguration section */
		C7D866CE22FADE4400486A08 /* Debug */ = {
			isa = XCBuildConfiguration;
			buildSettings = {
				ALWAYS_SEARCH_USER_PATHS = NO;
				CLANG_ANALYZER_NONNULL = YES;
				CLANG_ANALYZER_NUMBER_OBJECT_CONVERSION = YES_AGGRESSIVE;
				CLANG_CXX_LANGUAGE_STANDARD = "gnu++14";
				CLANG_CXX_LIBRARY = "libc++";
				CLANG_ENABLE_MODULES = YES;
				CLANG_ENABLE_OBJC_ARC = YES;
				CLANG_ENABLE_OBJC_WEAK = YES;
				CLANG_WARN_BLOCK_CAPTURE_AUTORELEASING = YES;
				CLANG_WARN_BOOL_CONVERSION = YES;
				CLANG_WARN_COMMA = YES;
				CLANG_WARN_CONSTANT_CONVERSION = YES;
				CLANG_WARN_DEPRECATED_OBJC_IMPLEMENTATIONS = YES;
				CLANG_WARN_DIRECT_OBJC_ISA_USAGE = YES_ERROR;
				CLANG_WARN_DOCUMENTATION_COMMENTS = YES;
				CLANG_WARN_EMPTY_BODY = YES;
				CLANG_WARN_ENUM_CONVERSION = YES;
				CLANG_WARN_INFINITE_RECURSION = YES;
				CLANG_WARN_INT_CONVERSION = YES;
				CLANG_WARN_NON_LITERAL_NULL_CONVERSION = YES;
				CLANG_WARN_OBJC_IMPLICIT_RETAIN_SELF = YES;
				CLANG_WARN_OBJC_LITERAL_CONVERSION = YES;
				CLANG_WARN_OBJC_ROOT_CLASS = YES_ERROR;
				CLANG_WARN_RANGE_LOOP_ANALYSIS = YES;
				CLANG_WARN_STRICT_PROTOTYPES = YES;
				CLANG_WARN_SUSPICIOUS_MOVE = YES;
				CLANG_WARN_UNGUARDED_AVAILABILITY = YES_AGGRESSIVE;
				CLANG_WARN_UNREACHABLE_CODE = YES;
				CLANG_WARN__DUPLICATE_METHOD_MATCH = YES;
				CODE_SIGN_IDENTITY = "iPhone Developer";
				COPY_PHASE_STRIP = NO;
				DEBUG_INFORMATION_FORMAT = dwarf;
				ENABLE_STRICT_OBJC_MSGSEND = YES;
				ENABLE_TESTABILITY = YES;
				GCC_C_LANGUAGE_STANDARD = gnu11;
				GCC_DYNAMIC_NO_PIC = NO;
				GCC_NO_COMMON_BLOCKS = YES;
				GCC_OPTIMIZATION_LEVEL = 0;
				GCC_PREPROCESSOR_DEFINITIONS = (
					"DEBUG=1",
					"$(inherited)",
				);
				GCC_WARN_64_TO_32_BIT_CONVERSION = YES;
				GCC_WARN_ABOUT_RETURN_TYPE = YES_ERROR;
				GCC_WARN_UNDECLARED_SELECTOR = YES;
				GCC_WARN_UNINITIALIZED_AUTOS = YES_AGGRESSIVE;
				GCC_WARN_UNUSED_FUNCTION = YES;
				GCC_WARN_UNUSED_VARIABLE = YES;
				IPHONEOS_DEPLOYMENT_TARGET = 12.4;
				MTL_ENABLE_DEBUG_INFO = INCLUDE_SOURCE;
				MTL_FAST_MATH = YES;
				ONLY_ACTIVE_ARCH = YES;
				SDKROOT = iphoneos;
				SWIFT_ACTIVE_COMPILATION_CONDITIONS = DEBUG;
				SWIFT_OPTIMIZATION_LEVEL = "-Onone";
			};
			name = Debug;
		};
		C7D866CF22FADE4400486A08 /* Release */ = {
			isa = XCBuildConfiguration;
			buildSettings = {
				ALWAYS_SEARCH_USER_PATHS = NO;
				CLANG_ANALYZER_NONNULL = YES;
				CLANG_ANALYZER_NUMBER_OBJECT_CONVERSION = YES_AGGRESSIVE;
				CLANG_CXX_LANGUAGE_STANDARD = "gnu++14";
				CLANG_CXX_LIBRARY = "libc++";
				CLANG_ENABLE_MODULES = YES;
				CLANG_ENABLE_OBJC_ARC = YES;
				CLANG_ENABLE_OBJC_WEAK = YES;
				CLANG_WARN_BLOCK_CAPTURE_AUTORELEASING = YES;
				CLANG_WARN_BOOL_CONVERSION = YES;
				CLANG_WARN_COMMA = YES;
				CLANG_WARN_CONSTANT_CONVERSION = YES;
				CLANG_WARN_DEPRECATED_OBJC_IMPLEMENTATIONS = YES;
				CLANG_WARN_DIRECT_OBJC_ISA_USAGE = YES_ERROR;
				CLANG_WARN_DOCUMENTATION_COMMENTS = YES;
				CLANG_WARN_EMPTY_BODY = YES;
				CLANG_WARN_ENUM_CONVERSION = YES;
				CLANG_WARN_INFINITE_RECURSION = YES;
				CLANG_WARN_INT_CONVERSION = YES;
				CLANG_WARN_NON_LITERAL_NULL_CONVERSION = YES;
				CLANG_WARN_OBJC_IMPLICIT_RETAIN_SELF = YES;
				CLANG_WARN_OBJC_LITERAL_CONVERSION = YES;
				CLANG_WARN_OBJC_ROOT_CLASS = YES_ERROR;
				CLANG_WARN_RANGE_LOOP_ANALYSIS = YES;
				CLANG_WARN_STRICT_PROTOTYPES = YES;
				CLANG_WARN_SUSPICIOUS_MOVE = YES;
				CLANG_WARN_UNGUARDED_AVAILABILITY = YES_AGGRESSIVE;
				CLANG_WARN_UNREACHABLE_CODE = YES;
				CLANG_WARN__DUPLICATE_METHOD_MATCH = YES;
				CODE_SIGN_IDENTITY = "iPhone Developer";
				COPY_PHASE_STRIP = NO;
				DEBUG_INFORMATION_FORMAT = "dwarf-with-dsym";
				ENABLE_NS_ASSERTIONS = NO;
				ENABLE_STRICT_OBJC_MSGSEND = YES;
				GCC_C_LANGUAGE_STANDARD = gnu11;
				GCC_NO_COMMON_BLOCKS = YES;
				GCC_WARN_64_TO_32_BIT_CONVERSION = YES;
				GCC_WARN_ABOUT_RETURN_TYPE = YES_ERROR;
				GCC_WARN_UNDECLARED_SELECTOR = YES;
				GCC_WARN_UNINITIALIZED_AUTOS = YES_AGGRESSIVE;
				GCC_WARN_UNUSED_FUNCTION = YES;
				GCC_WARN_UNUSED_VARIABLE = YES;
				IPHONEOS_DEPLOYMENT_TARGET = 12.4;
				MTL_ENABLE_DEBUG_INFO = NO;
				MTL_FAST_MATH = YES;
				SDKROOT = iphoneos;
				SWIFT_COMPILATION_MODE = wholemodule;
				SWIFT_OPTIMIZATION_LEVEL = "-O";
				VALIDATE_PRODUCT = YES;
			};
			name = Release;
		};
		C7D866D122FADE4400486A08 /* Debug */ = {
			isa = XCBuildConfiguration;
			buildSettings = {
				ASSETCATALOG_COMPILER_APPICON_NAME = AppIcon;
				CODE_SIGN_STYLE = Automatic;
				INFOPLIST_FILE = "ProgrammaticApp-LayoutAnchors/Info.plist";
				LD_RUNPATH_SEARCH_PATHS = (
					"$(inherited)",
					"@executable_path/Frameworks",
				);
				PRODUCT_BUNDLE_IDENTIFIER = "in.amaranthine.ProgrammaticApp-LayoutAnchors";
				PRODUCT_NAME = "$(TARGET_NAME)";
				SWIFT_VERSION = 5.0;
				TARGETED_DEVICE_FAMILY = "1,2";
			};
			name = Debug;
		};
		C7D866D222FADE4400486A08 /* Release */ = {
			isa = XCBuildConfiguration;
			buildSettings = {
				ASSETCATALOG_COMPILER_APPICON_NAME = AppIcon;
				CODE_SIGN_STYLE = Automatic;
				INFOPLIST_FILE = "ProgrammaticApp-LayoutAnchors/Info.plist";
				LD_RUNPATH_SEARCH_PATHS = (
					"$(inherited)",
					"@executable_path/Frameworks",
				);
				PRODUCT_BUNDLE_IDENTIFIER = "in.amaranthine.ProgrammaticApp-LayoutAnchors";
				PRODUCT_NAME = "$(TARGET_NAME)";
				SWIFT_VERSION = 5.0;
				TARGETED_DEVICE_FAMILY = "1,2";
			};
			name = Release;
		};
/* End XCBuildConfiguration section */

/* Begin XCConfigurationList section */
		C7D866B922FADE4300486A08 /* Build configuration list for PBXProject "ProgrammaticApp-LayoutAnchors" */ = {
			isa = XCConfigurationList;
			buildConfigurations = (
				C7D866CE22FADE4400486A08 /* Debug */,
				C7D866CF22FADE4400486A08 /* Release */,
			);
			defaultConfigurationIsVisible = 0;
			defaultConfigurationName = Release;
		};
		C7D866D022FADE4400486A08 /* Build configuration list for PBXNativeTarget "ProgrammaticApp-LayoutAnchors" */ = {
			isa = XCConfigurationList;
			buildConfigurations = (
				C7D866D122FADE4400486A08 /* Debug */,
				C7D866D222FADE4400486A08 /* Release */,
			);
			defaultConfigurationIsVisible = 0;
			defaultConfigurationName = Release;
		};
/* End XCConfigurationList section */
	};
	rootObject = C7D866B622FADE4300486A08 /* Project object */;
}
